
Microsoft Visual Studio Solution File, Format Version 12.00
# Visual Studio 15
VisualStudioVersion = 15.0.27703.2035
MinimumVisualStudioVersion = 10.0.40219.1
Project("{9A19103F-16F7-4668-BE54-9A1E7A4F7556}") = "Lampon.QuartzWeb", "Lampon.QuartzWeb\Lampon.QuartzWeb.csproj", "{A49F1286-E81F-40B3-9B0B-5F158A8FED55}"
EndProject
Global
	GlobalSection(SolutionConfigurationPlatforms) = preSolution
		Debug|Any CPU = Debug|Any CPU
		Release|Any CPU = Release|Any CPU
	EndGlobalSection
	GlobalSection(ProjectConfigurationPlatforms) = postSolution
		{A49F1286-E81F-40B3-9B0B-5F158A8FED55}.Debug|Any CPU.ActiveCfg = Debug|Any CPU
		{A49F1286-E81F-40B3-9B0B-5F158A8FED55}.Debug|Any CPU.Build.0 = Debug|Any CPU
		{A49F1286-E81F-40B3-9B0B-5F158A8FED55}.Release|Any CPU.ActiveCfg = Release|Any CPU
		{A49F1286-E81F-40B3-9B0B-5F158A8FED55}.Release|Any CPU.Build.0 = Release|Any CPU
	EndGlobalSection
	GlobalSection(SolutionProperties) = preSolution
		HideSolutionNode = FALSE
	EndGlobalSection
	GlobalSection(ExtensibilityGlobals) = postSolution
		SolutionGuid = {1213FA96-A7B9-4CC7-999F-5A9C6089B61A}
	EndGlobalSection
EndGlobal
